PODS:
  - OneSignal (2.9.3)

DEPENDENCIES:
  - OneSignal (< 3.0.4, >= 2.6.2)

SPEC REPOS:
  https://github.com/cocoapods/specs.git:
    - OneSignal

SPEC CHECKSUMS:
  OneSignal: a506e3bc61d2030f0757faf9bd783a9b211c6e3c

PODFILE CHECKSUM: 986a6499a89a162f482ce151c74232df02bb0f2e

COCOAPODS: 1.6.0.beta.2
