// !$*UTF8*$!
{
	archiveVersion = 1;
	classes = {
	};
	objectVersion = 50;
	objects = {

/* Begin PBXBuildFile section */
		4780BC921539738BB6D02AD7 /* libPods-Notificaiton Center.a in Frameworks */ = {isa = PBXBuildFile; fileRef = 65D72C2F4AAD26B1406A4532 /* libPods-Notificaiton Center.a */; };
		6E0324E621949D2F00E8040C /* ArticleInfoClass.swift in Sources */ = {isa = PBXBuildFile; fileRef = 6E0324E521949D2F00E8040C /* ArticleInfoClass.swift */; };
		6E1243ED219DDB5700295B5D /* pinterestLayout.swift in Sources */ = {isa = PBXBuildFile; fileRef = 6E1243EC219DDB5700295B5D /* pinterestLayout.swift */; };
		6E35CB932188AC1C00BD9F03 /* SwiftyJSON.swift in Sources */ = {isa = PBXBuildFile; fileRef = 6E35CB922188AC1C00BD9F03 /* SwiftyJSON.swift */; };
		6E44CD64218B5530003172E7 /* ArticleViewController.swift in Sources */ = {isa = PBXBuildFile; fileRef = 6E44CD63218B5530003172E7 /* ArticleViewController.swift */; };
		6E520E2921B9836C000A61C9 /* ParseClass.swift in Sources */ = {isa = PBXBuildFile; fileRef = 6E520E2821B9836C000A61C9 /* ParseClass.swift */; };
		6E54AC9B21AEFA48000916D3 /* ArticleCollectionViewCell.swift in Sources */ = {isa = PBXBuildFile; fileRef = 6E54AC9A21AEFA48000916D3 /* ArticleCollectionViewCell.swift */; };
		6E8C053021836CAE004CF39D /* AppDelegate.swift in Sources */ = {isa = PBXBuildFile; fileRef = 6E8C052F21836CAE004CF39D /* AppDelegate.swift */; };
		6E8C053221836CAE004CF39D /* ViewController.swift in Sources */ = {isa = PBXBuildFile; fileRef = 6E8C053121836CAE004CF39D /* ViewController.swift */; };
		6E8C053521836CAE004CF39D /* Main.storyboard in Resources */ = {isa = PBXBuildFile; fileRef = 6E8C053321836CAE004CF39D /* Main.storyboard */; };
		6E8C053721836CAF004CF39D /* Assets.xcassets in Resources */ = {isa = PBXBuildFile; fileRef = 6E8C053621836CAF004CF39D /* Assets.xcassets */; };
		6E8C053A21836CAF004CF39D /* LaunchScreen.storyboard in Resources */ = {isa = PBXBuildFile; fileRef = 6E8C053821836CAF004CF39D /* LaunchScreen.storyboard */; };
		6ED0049F21AEFAE600857E9D /* NotificationService.swift in Sources */ = {isa = PBXBuildFile; fileRef = 6ED0049E21AEFAE600857E9D /* NotificationService.swift */; };
		6ED004A321AEFAE600857E9D /* Notificaiton Center.appex in Embed App Extensions */ = {isa = PBXBuildFile; fileRef = 6ED0049C21AEFAE600857E9D /* Notificaiton Center.appex */; settings = {ATTRIBUTES = (RemoveHeadersOnCopy, ); }; };
		6EE2915C21875C5C00EEE5D0 /* CollectionViewCell.swift in Sources */ = {isa = PBXBuildFile; fileRef = 6EE2915B21875C5C00EEE5D0 /* CollectionViewCell.swift */; };
		6EE3D66921949C7300B8833F /* NotificationCenter.swift in Sources */ = {isa = PBXBuildFile; fileRef = 6EE3D66821949C7300B8833F /* NotificationCenter.swift */; };
		6EE481A3219C83140050F30C /* TrendingViewController.swift in Sources */ = {isa = PBXBuildFile; fileRef = 6EE481A2219C83140050F30C /* TrendingViewController.swift */; };
		6EE481A5219C83400050F30C /* SportsViewController.swift in Sources */ = {isa = PBXBuildFile; fileRef = 6EE481A4219C83400050F30C /* SportsViewController.swift */; };
		6EE481A7219C838A0050F30C /* EntertainmentViewController.swift in Sources */ = {isa = PBXBuildFile; fileRef = 6EE481A6219C838A0050F30C /* EntertainmentViewController.swift */; };
		6EE481A9219C83AE0050F30C /* NewsViewController.swift in Sources */ = {isa = PBXBuildFile; fileRef = 6EE481A8219C83AE0050F30C /* NewsViewController.swift */; };
		6EE481AB219C83CB0050F30C /* FeaturesViewController.swift in Sources */ = {isa = PBXBuildFile; fileRef = 6EE481AA219C83CB0050F30C /* FeaturesViewController.swift */; };
		6EE481AD219C83EF0050F30C /* OpinionViewController.swift in Sources */ = {isa = PBXBuildFile; fileRef = 6EE481AC219C83EF0050F30C /* OpinionViewController.swift */; };
		6EE481AF219C84060050F30C /* OtherViewController.swift in Sources */ = {isa = PBXBuildFile; fileRef = 6EE481AE219C84060050F30C /* OtherViewController.swift */; };
		6EE481B1219C84240050F30C /* WhoWeAreViewController.swift in Sources */ = {isa = PBXBuildFile; fileRef = 6EE481B0219C84240050F30C /* WhoWeAreViewController.swift */; };
		E0BD9A2BE215251A2E973022 /* libPods-prospectorProject.a in Frameworks */ = {isa = PBXBuildFile; fileRef = E126BE28A6A838276B164010 /* libPods-prospectorProject.a */; };
/* End PBXBuildFile section */

/* Begin PBXContainerItemProxy section */
		6ED004A121AEFAE600857E9D /* PBXContainerItemProxy */ = {
			isa = PBXContainerItemProxy;
			containerPortal = 6E8C052421836CAD004CF39D /* Project object */;
			proxyType = 1;
			remoteGlobalIDString = 6ED0049B21AEFAE600857E9D;
			remoteInfo = "Notificaiton Center";
		};
/* End PBXContainerItemProxy section */

/* Begin PBXCopyFilesBuildPhase section */
		6ED0049321AEF6F300857E9D /* Embed App Extensions */ = {
			isa = PBXCopyFilesBuildPhase;
			buildActionMask = 2147483647;
			dstPath = "";
			dstSubfolderSpec = 13;
			files = (
				6ED004A321AEFAE600857E9D /* Notificaiton Center.appex in Embed App Extensions */,
			);
			name = "Embed App Extensions";
			runOnlyForDeploymentPostprocessing = 0;
		};
/* End PBXCopyFilesBuildPhase section */

/* Begin PBXFileReference section */
		3C9C2B474D729FBAE1498684 /* Pods-prospectorProject.release.xcconfig */ = {isa = PBXFileReference; includeInIndex = 1; lastKnownFileType = text.xcconfig; name = "Pods-prospectorProject.release.xcconfig"; path = "Pods/Target Support Files/Pods-prospectorProject/Pods-prospectorProject.release.xcconfig"; sourceTree = "<group>"; };
		4439B7BD6EB2A8A5DE2A055A /* Pods-Notificaiton Center.debug.xcconfig */ = {isa = PBXFileReference; includeInIndex = 1; lastKnownFileType = text.xcconfig; name = "Pods-Notificaiton Center.debug.xcconfig"; path = "Pods/Target Support Files/Pods-Notificaiton Center/Pods-Notificaiton Center.debug.xcconfig"; sourceTree = "<group>"; };
		65D72C2F4AAD26B1406A4532 /* libPods-Notificaiton Center.a */ = {isa = PBXFileReference; explicitFileType = archive.ar; includeInIndex = 0; path = "libPods-Notificaiton Center.a"; sourceTree = BUILT_PRODUCTS_DIR; };
		6E0324E521949D2F00E8040C /* ArticleInfoClass.swift */ = {isa = PBXFileReference; lastKnownFileType = sourcecode.swift; path = ArticleInfoClass.swift; sourceTree = "<group>"; };
		6E1243EC219DDB5700295B5D /* pinterestLayout.swift */ = {isa = PBXFileReference; lastKnownFileType = sourcecode.swift; path = pinterestLayout.swift; sourceTree = "<group>"; };
		6E35CB922188AC1C00BD9F03 /* SwiftyJSON.swift */ = {isa = PBXFileReference; fileEncoding = 4; lastKnownFileType = sourcecode.swift; path = SwiftyJSON.swift; sourceTree = "<group>"; };
		6E44CD63218B5530003172E7 /* ArticleViewController.swift */ = {isa = PBXFileReference; lastKnownFileType = sourcecode.swift; name = ArticleViewController.swift; path = ../ArticleViewController.swift; sourceTree = "<group>"; };
		6E520E2821B9836C000A61C9 /* ParseClass.swift */ = {isa = PBXFileReference; lastKnownFileType = sourcecode.swift; path = ParseClass.swift; sourceTree = "<group>"; };
		6E54AC9A21AEFA48000916D3 /* ArticleCollectionViewCell.swift */ = {isa = PBXFileReference; lastKnownFileType = sourcecode.swift; path = ArticleCollectionViewCell.swift; sourceTree = "<group>"; };
		6E8C052C21836CAD004CF39D /* prospectorProject.app */ = {isa = PBXFileReference; explicitFileType = wrapper.application; includeInIndex = 0; path = prospectorProject.app; sourceTree = BUILT_PRODUCTS_DIR; };
		6E8C052F21836CAE004CF39D /* AppDelegate.swift */ = {isa = PBXFileReference; lastKnownFileType = sourcecode.swift; path = AppDelegate.swift; sourceTree = "<group>"; };
		6E8C053121836CAE004CF39D /* ViewController.swift */ = {isa = PBXFileReference; lastKnownFileType = sourcecode.swift; path = ViewController.swift; sourceTree = "<group>"; };
		6E8C053421836CAE004CF39D /* Base */ = {isa = PBXFileReference; lastKnownFileType = file.storyboard; name = Base; path = Base.lproj/Main.storyboard; sourceTree = "<group>"; };
		6E8C053621836CAF004CF39D /* Assets.xcassets */ = {isa = PBXFileReference; lastKnownFileType = folder.assetcatalog; path = Assets.xcassets; sourceTree = "<group>"; };
		6E8C053921836CAF004CF39D /* Base */ = {isa = PBXFileReference; lastKnownFileType = file.storyboard; name = Base; path = Base.lproj/LaunchScreen.storyboard; sourceTree = "<group>"; };
		6E8C053B21836CAF004CF39D /* Info.plist */ = {isa = PBXFileReference; lastKnownFileType = text.plist.xml; path = Info.plist; sourceTree = "<group>"; };
		6ED0049521AEF70200857E9D /* UserNotifications.framework */ = {isa = PBXFileReference; lastKnownFileType = wrapper.framework; name = UserNotifications.framework; path = System/Library/Frameworks/UserNotifications.framework; sourceTree = SDKROOT; };
		6ED0049C21AEFAE600857E9D /* Notificaiton Center.appex */ = {isa = PBXFileReference; explicitFileType = "wrapper.app-extension"; includeInIndex = 0; path = "Notificaiton Center.appex"; sourceTree = BUILT_PRODUCTS_DIR; };
		6ED0049E21AEFAE600857E9D /* NotificationService.swift */ = {isa = PBXFileReference; lastKnownFileType = sourcecode.swift; path = NotificationService.swift; sourceTree = "<group>"; };
		6ED004A021AEFAE600857E9D /* Info.plist */ = {isa = PBXFileReference; lastKnownFileType = text.plist.xml; path = Info.plist; sourceTree = "<group>"; };
		6ED004A721AEFB5200857E9D /* Notificaiton Center.entitlements */ = {isa = PBXFileReference; lastKnownFileType = text.plist.entitlements; path = "Notificaiton Center.entitlements"; sourceTree = "<group>"; };
		6EE2915B21875C5C00EEE5D0 /* CollectionViewCell.swift */ = {isa = PBXFileReference; lastKnownFileType = sourcecode.swift; path = CollectionViewCell.swift; sourceTree = "<group>"; };
		6EE3D66821949C7300B8833F /* NotificationCenter.swift */ = {isa = PBXFileReference; lastKnownFileType = sourcecode.swift; path = NotificationCenter.swift; sourceTree = "<group>"; };
		6EE481A2219C83140050F30C /* TrendingViewController.swift */ = {isa = PBXFileReference; lastKnownFileType = sourcecode.swift; path = TrendingViewController.swift; sourceTree = "<group>"; };
		6EE481A4219C83400050F30C /* SportsViewController.swift */ = {isa = PBXFileReference; lastKnownFileType = sourcecode.swift; path = SportsViewController.swift; sourceTree = "<group>"; };
		6EE481A6219C838A0050F30C /* EntertainmentViewController.swift */ = {isa = PBXFileReference; lastKnownFileType = sourcecode.swift; path = EntertainmentViewController.swift; sourceTree = "<group>"; };
		6EE481A8219C83AE0050F30C /* NewsViewController.swift */ = {isa = PBXFileReference; lastKnownFileType = sourcecode.swift; path = NewsViewController.swift; sourceTree = "<group>"; };
		6EE481AA219C83CB0050F30C /* FeaturesViewController.swift */ = {isa = PBXFileReference; lastKnownFileType = sourcecode.swift; path = FeaturesViewController.swift; sourceTree = "<group>"; };
		6EE481AC219C83EF0050F30C /* OpinionViewController.swift */ = {isa = PBXFileReference; lastKnownFileType = sourcecode.swift; path = OpinionViewController.swift; sourceTree = "<group>"; };
		6EE481AE219C84060050F30C /* OtherViewController.swift */ = {isa = PBXFileReference; lastKnownFileType = sourcecode.swift; path = OtherViewController.swift; sourceTree = "<group>"; };
		6EE481B0219C84240050F30C /* WhoWeAreViewController.swift */ = {isa = PBXFileReference; lastKnownFileType = sourcecode.swift; path = WhoWeAreViewController.swift; sourceTree = "<group>"; };
		6EE975E7218A00DA00A45057 /* prospectorProject.entitlements */ = {isa = PBXFileReference; lastKnownFileType = text.plist.entitlements; path = prospectorProject.entitlements; sourceTree = "<group>"; };
		8764DF129B472049C84DC5C1 /* Pods-prospectorProject.debug.xcconfig */ = {isa = PBXFileReference; includeInIndex = 1; lastKnownFileType = text.xcconfig; name = "Pods-prospectorProject.debug.xcconfig"; path = "Pods/Target Support Files/Pods-prospectorProject/Pods-prospectorProject.debug.xcconfig"; sourceTree = "<group>"; };
		E126BE28A6A838276B164010 /* libPods-prospectorProject.a */ = {isa = PBXFileReference; explicitFileType = archive.ar; includeInIndex = 0; path = "libPods-prospectorProject.a"; sourceTree = BUILT_PRODUCTS_DIR; };
		F73A0736CD5EF8A2BCB602AE /* Pods-Notificaiton Center.release.xcconfig */ = {isa = PBXFileReference; includeInIndex = 1; lastKnownFileType = text.xcconfig; name = "Pods-Notificaiton Center.release.xcconfig"; path = "Pods/Target Support Files/Pods-Notificaiton Center/Pods-Notificaiton Center.release.xcconfig"; sourceTree = "<group>"; };
/* End PBXFileReference section */

/* Begin PBXFrameworksBuildPhase section */
		6E8C052921836CAD004CF39D /* Frameworks */ = {
			isa = PBXFrameworksBuildPhase;
			buildActionMask = 2147483647;
			files = (
				E0BD9A2BE215251A2E973022 /* libPods-prospectorProject.a in Frameworks */,
			);
			runOnlyForDeploymentPostprocessing = 0;
		};
		6ED0049921AEFAE600857E9D /* Frameworks */ = {
			isa = PBXFrameworksBuildPhase;
			buildActionMask = 2147483647;
			files = (
				4780BC921539738BB6D02AD7 /* libPods-Notificaiton Center.a in Frameworks */,
			);
			runOnlyForDeploymentPostprocessing = 0;
		};
/* End PBXFrameworksBuildPhase section */

/* Begin PBXGroup section */
		6E8C052321836CAD004CF39D = {
			isa = PBXGroup;
			children = (
				6E8C052E21836CAD004CF39D /* prospectorProject */,
				6ED0049D21AEFAE600857E9D /* Notificaiton Center */,
				6E8C052D21836CAD004CF39D /* Products */,
				6ED0049421AEF70100857E9D /* Frameworks */,
				CFD70A842D4D797F3807CF1B /* Pods */,
			);
			sourceTree = "<group>";
		};
		6E8C052D21836CAD004CF39D /* Products */ = {
			isa = PBXGroup;
			children = (
				6E8C052C21836CAD004CF39D /* prospectorProject.app */,
				6ED0049C21AEFAE600857E9D /* Notificaiton Center.appex */,
			);
			name = Products;
			sourceTree = "<group>";
		};
		6E8C052E21836CAD004CF39D /* prospectorProject */ = {
			isa = PBXGroup;
			children = (
				6EE975E7218A00DA00A45057 /* prospectorProject.entitlements */,
				6E8C052F21836CAE004CF39D /* AppDelegate.swift */,
				6E8C053121836CAE004CF39D /* ViewController.swift */,
				6E1243EC219DDB5700295B5D /* pinterestLayout.swift */,
				6EE3D66821949C7300B8833F /* NotificationCenter.swift */,
				6E44CD63218B5530003172E7 /* ArticleViewController.swift */,
				6E54AC9A21AEFA48000916D3 /* ArticleCollectionViewCell.swift */,
				6EE2915B21875C5C00EEE5D0 /* CollectionViewCell.swift */,
				6E0324E521949D2F00E8040C /* ArticleInfoClass.swift */,
				6E520E2821B9836C000A61C9 /* ParseClass.swift */,
				6E8C053321836CAE004CF39D /* Main.storyboard */,
				6EE481A2219C83140050F30C /* TrendingViewController.swift */,
				6EE481A4219C83400050F30C /* SportsViewController.swift */,
				6EE481A6219C838A0050F30C /* EntertainmentViewController.swift */,
				6EE481A8219C83AE0050F30C /* NewsViewController.swift */,
				6EE481AA219C83CB0050F30C /* FeaturesViewController.swift */,
				6EE481AC219C83EF0050F30C /* OpinionViewController.swift */,
				6EE481AE219C84060050F30C /* OtherViewController.swift */,
				6EE481B0219C84240050F30C /* WhoWeAreViewController.swift */,
				6E8C053621836CAF004CF39D /* Assets.xcassets */,
				6E8C053821836CAF004CF39D /* LaunchScreen.storyboard */,
				6E35CB922188AC1C00BD9F03 /* SwiftyJSON.swift */,
				6E8C053B21836CAF004CF39D /* Info.plist */,
			);
			path = prospectorProject;
			sourceTree = "<group>";
		};
		6ED0049421AEF70100857E9D /* Frameworks */ = {
			isa = PBXGroup;
			children = (
				6ED0049521AEF70200857E9D /* UserNotifications.framework */,
				65D72C2F4AAD26B1406A4532 /* libPods-Notificaiton Center.a */,
				E126BE28A6A838276B164010 /* libPods-prospectorProject.a */,
			);
			name = Frameworks;
			sourceTree = "<group>";
		};
		6ED0049D21AEFAE600857E9D /* Notificaiton Center */ = {
			isa = PBXGroup;
			children = (
				6ED004A721AEFB5200857E9D /* Notificaiton Center.entitlements */,
				6ED0049E21AEFAE600857E9D /* NotificationService.swift */,
				6ED004A021AEFAE600857E9D /* Info.plist */,
			);
			path = "Notificaiton Center";
			sourceTree = "<group>";
		};
		CFD70A842D4D797F3807CF1B /* Pods */ = {
			isa = PBXGroup;
			children = (
				4439B7BD6EB2A8A5DE2A055A /* Pods-Notificaiton Center.debug.xcconfig */,
				F73A0736CD5EF8A2BCB602AE /* Pods-Notificaiton Center.release.xcconfig */,
				8764DF129B472049C84DC5C1 /* Pods-prospectorProject.debug.xcconfig */,
				3C9C2B474D729FBAE1498684 /* Pods-prospectorProject.release.xcconfig */,
			);
			name = Pods;
			sourceTree = "<group>";
		};
/* End PBXGroup section */

/* Begin PBXNativeTarget section */
		6E8C052B21836CAD004CF39D /* prospectorProject */ = {
			isa = PBXNativeTarget;
			buildConfigurationList = 6E8C053E21836CAF004CF39D /* Build configuration list for PBXNativeTarget "prospectorProject" */;
			buildPhases = (
				CC3BC14FFA04BC360D2286B4 /* [CP] Check Pods Manifest.lock */,
				6E8C052821836CAD004CF39D /* Sources */,
				6E8C052921836CAD004CF39D /* Frameworks */,
				6E8C052A21836CAD004CF39D /* Resources */,
				6ED0049321AEF6F300857E9D /* Embed App Extensions */,
			);
			buildRules = (
			);
			dependencies = (
				6ED004A221AEFAE600857E9D /* PBXTargetDependency */,
			);
			name = prospectorProject;
			productName = prospectorProject;
			productReference = 6E8C052C21836CAD004CF39D /* prospectorProject.app */;
			productType = "com.apple.product-type.application";
		};
		6ED0049B21AEFAE600857E9D /* Notificaiton Center */ = {
			isa = PBXNativeTarget;
			buildConfigurationList = 6ED004A421AEFAE600857E9D /* Build configuration list for PBXNativeTarget "Notificaiton Center" */;
			buildPhases = (
				25E61CE157CDBB88519EA6D3 /* [CP] Check Pods Manifest.lock */,
				6ED0049821AEFAE600857E9D /* Sources */,
				6ED0049921AEFAE600857E9D /* Frameworks */,
				6ED0049A21AEFAE600857E9D /* Resources */,
			);
			buildRules = (
			);
			dependencies = (
			);
			name = "Notificaiton Center";
			productName = "Notificaiton Center";
			productReference = 6ED0049C21AEFAE600857E9D /* Notificaiton Center.appex */;
			productType = "com.apple.product-type.app-extension";
		};
/* End PBXNativeTarget section */

/* Begin PBXProject section */
		6E8C052421836CAD004CF39D /* Project object */ = {
			isa = PBXProject;
			attributes = {
				LastSwiftUpdateCheck = 1010;
				LastUpgradeCheck = 0940;
				ORGANIZATIONNAME = period3;
				TargetAttributes = {
					6E8C052B21836CAD004CF39D = {
						CreatedOnToolsVersion = 9.4.1;
						SystemCapabilities = {
							com.apple.Push = {
								enabled = 1;
							};
						};
					};
					6ED0049B21AEFAE600857E9D = {
						CreatedOnToolsVersion = 10.1;
						SystemCapabilities = {
							com.apple.Push = {
								enabled = 1;
							};
						};
					};
				};
			};
			buildConfigurationList = 6E8C052721836CAD004CF39D /* Build configuration list for PBXProject "prospectorProject" */;
			compatibilityVersion = "Xcode 9.3";
			developmentRegion = en;
			hasScannedForEncodings = 0;
			knownRegions = (
				en,
				Base,
			);
			mainGroup = 6E8C052321836CAD004CF39D;
			productRefGroup = 6E8C052D21836CAD004CF39D /* Products */;
			projectDirPath = "";
			projectRoot = "";
			targets = (
				6E8C052B21836CAD004CF39D /* prospectorProject */,
				6ED0049B21AEFAE600857E9D /* Notificaiton Center */,
			);
		};
/* End PBXProject section */

/* Begin PBXResourcesBuildPhase section */
		6E8C052A21836CAD004CF39D /* Resources */ = {
			isa = PBXResourcesBuildPhase;
			buildActionMask = 2147483647;
			files = (
				6E8C053A21836CAF004CF39D /* LaunchScreen.storyboard in Resources */,
				6E8C053721836CAF004CF39D /* Assets.xcassets in Resources */,
				6E8C053521836CAE004CF39D /* Main.storyboard in Resources */,
			);
			runOnlyForDeploymentPostprocessing = 0;
		};
		6ED0049A21AEFAE600857E9D /* Resources */ = {
			isa = PBXResourcesBuildPhase;
			buildActionMask = 2147483647;
			files = (
			);
			runOnlyForDeploymentPostprocessing = 0;
		};
/* End PBXResourcesBuildPhase section */

/* Begin PBXShellScriptBuildPhase section */
		25E61CE157CDBB88519EA6D3 /* [CP] Check Pods Manifest.lock */ = {
			isa = PBXShellScriptBuildPhase;
			buildActionMask = 2147483647;
			files = (
			);
			inputFileListPaths = (
			);
			inputPaths = (
				"${PODS_PODFILE_DIR_PATH}/Podfile.lock",
				"${PODS_ROOT}/Manifest.lock",
			);
			name = "[CP] Check Pods Manifest.lock";
			outputFileListPaths = (
			);
			outputPaths = (
				"$(DERIVED_FILE_DIR)/Pods-Notificaiton Center-checkManifestLockResult.txt",
			);
			runOnlyForDeploymentPostprocessing = 0;
			shellPath = /bin/sh;
			shellScript = "diff \"${PODS_PODFILE_DIR_PATH}/Podfile.lock\" \"${PODS_ROOT}/Manifest.lock\" > /dev/null\nif [ $? != 0 ] ; then\n    # print error to STDERR\n    echo \"error: The sandbox is not in sync with the Podfile.lock. Run 'pod install' or update your CocoaPods installation.\" >&2\n    exit 1\nfi\n# This output is used by Xcode 'outputs' to avoid re-running this script phase.\necho \"SUCCESS\" > \"${SCRIPT_OUTPUT_FILE_0}\"\n";
			showEnvVarsInLog = 0;
		};
		CC3BC14FFA04BC360D2286B4 /* [CP] Check Pods Manifest.lock */ = {
			isa = PBXShellScriptBuildPhase;
			buildActionMask = 2147483647;
			files = (
			);
			inputFileListPaths = (
			);
			inputPaths = (
				"${PODS_PODFILE_DIR_PATH}/Podfile.lock",
				"${PODS_ROOT}/Manifest.lock",
			);
			name = "[CP] Check Pods Manifest.lock";
			outputFileListPaths = (
			);
			outputPaths = (
				"$(DERIVED_FILE_DIR)/Pods-prospectorProject-checkManifestLockResult.txt",
			);
			runOnlyForDeploymentPostprocessing = 0;
			shellPath = /bin/sh;
			shellScript = "diff \"${PODS_PODFILE_DIR_PATH}/Podfile.lock\" \"${PODS_ROOT}/Manifest.lock\" > /dev/null\nif [ $? != 0 ] ; then\n    # print error to STDERR\n    echo \"error: The sandbox is not in sync with the Podfile.lock. Run 'pod install' or update your CocoaPods installation.\" >&2\n    exit 1\nfi\n# This output is used by Xcode 'outputs' to avoid re-running this script phase.\necho \"SUCCESS\" > \"${SCRIPT_OUTPUT_FILE_0}\"\n";
			showEnvVarsInLog = 0;
		};
/* End PBXShellScriptBuildPhase section */

/* Begin PBXSourcesBuildPhase section */
		6E8C052821836CAD004CF39D /* Sources */ = {
			isa = PBXSourcesBuildPhase;
			buildActionMask = 2147483647;
			files = (
				6E54AC9B21AEFA48000916D3 /* ArticleCollectionViewCell.swift in Sources */,
				6E8C053221836CAE004CF39D /* ViewController.swift in Sources */,
				6E520E2921B9836C000A61C9 /* ParseClass.swift in Sources */,
				6EE481AD219C83EF0050F30C /* OpinionViewController.swift in Sources */,
				6EE481A3219C83140050F30C /* TrendingViewController.swift in Sources */,
				6EE3D66921949C7300B8833F /* NotificationCenter.swift in Sources */,
				6E44CD64218B5530003172E7 /* ArticleViewController.swift in Sources */,
				6EE481A9219C83AE0050F30C /* NewsViewController.swift in Sources */,
				6E8C053021836CAE004CF39D /* AppDelegate.swift in Sources */,
				6EE2915C21875C5C00EEE5D0 /* CollectionViewCell.swift in Sources */,
				6EE481B1219C84240050F30C /* WhoWeAreViewController.swift in Sources */,
				6EE481A5219C83400050F30C /* SportsViewController.swift in Sources */,
				6EE481AF219C84060050F30C /* OtherViewController.swift in Sources */,
				6EE481A7219C838A0050F30C /* EntertainmentViewController.swift in Sources */,
				6E1243ED219DDB5700295B5D /* pinterestLayout.swift in Sources */,
				6EE481AB219C83CB0050F30C /* FeaturesViewController.swift in Sources */,
				6E35CB932188AC1C00BD9F03 /* SwiftyJSON.swift in Sources */,
				6E0324E621949D2F00E8040C /* ArticleInfoClass.swift in Sources */,
			);
			runOnlyForDeploymentPostprocessing = 0;
		};
		6ED0049821AEFAE600857E9D /* Sources */ = {
			isa = PBXSourcesBuildPhase;
			buildActionMask = 2147483647;
			files = (
				6ED0049F21AEFAE600857E9D /* NotificationService.swift in Sources */,
			);
			runOnlyForDeploymentPostprocessing = 0;
		};
/* End PBXSourcesBuildPhase section */

/* Begin PBXTargetDependency section */
		6ED004A221AEFAE600857E9D /* PBXTargetDependency */ = {
			isa = PBXTargetDependency;
			target = 6ED0049B21AEFAE600857E9D /* Notificaiton Center */;
			targetProxy = 6ED004A121AEFAE600857E9D /* PBXContainerItemProxy */;
		};
/* End PBXTargetDependency section */

/* Begin PBXVariantGroup section */
		6E8C053321836CAE004CF39D /* Main.storyboard */ = {
			isa = PBXVariantGroup;
			children = (
				6E8C053421836CAE004CF39D /* Base */,
			);
			name = Main.storyboard;
			sourceTree = "<group>";
		};
		6E8C053821836CAF004CF39D /* LaunchScreen.storyboard */ = {
			isa = PBXVariantGroup;
			children = (
				6E8C053921836CAF004CF39D /* Base */,
			);
			name = LaunchScreen.storyboard;
			sourceTree = "<group>";
		};
/* End PBXVariantGroup section */

/* Begin XCBuildConfiguration section */
		6E8C053C21836CAF004CF39D /* Debug */ = {
			isa = XCBuildConfiguration;
			buildSettings = {
				ALWAYS_SEARCH_USER_PATHS = NO;
				CLANG_ANALYZER_NONNULL = YES;
				CLANG_ANALYZER_NUMBER_OBJECT_CONVERSION = YES_AGGRESSIVE;
				CLANG_CXX_LANGUAGE_STANDARD = "gnu++14";
				CLANG_CXX_LIBRARY = "libc++";
				CLANG_ENABLE_MODULES = YES;
				CLANG_ENABLE_OBJC_ARC = YES;
				CLANG_ENABLE_OBJC_WEAK = YES;
				CLANG_WARN_BLOCK_CAPTURE_AUTORELEASING = YES;
				CLANG_WARN_BOOL_CONVERSION = YES;
				CLANG_WARN_COMMA = YES;
				CLANG_WARN_CONSTANT_CONVERSION = YES;
				CLANG_WARN_DEPRECATED_OBJC_IMPLEMENTATIONS = YES;
				CLANG_WARN_DIRECT_OBJC_ISA_USAGE = YES_ERROR;
				CLANG_WARN_DOCUMENTATION_COMMENTS = YES;
				CLANG_WARN_EMPTY_BODY = YES;
				CLANG_WARN_ENUM_CONVERSION = YES;
				CLANG_WARN_INFINITE_RECURSION = YES;
				CLANG_WARN_INT_CONVERSION = YES;
				CLANG_WARN_NON_LITERAL_NULL_CONVERSION = YES;
				CLANG_WARN_OBJC_IMPLICIT_RETAIN_SELF = YES;
				CLANG_WARN_OBJC_LITERAL_CONVERSION = YES;
				CLANG_WARN_OBJC_ROOT_CLASS = YES_ERROR;
				CLANG_WARN_RANGE_LOOP_ANALYSIS = YES;
				CLANG_WARN_STRICT_PROTOTYPES = YES;
				CLANG_WARN_SUSPICIOUS_MOVE = YES;
				CLANG_WARN_UNGUARDED_AVAILABILITY = YES_AGGRESSIVE;
				CLANG_WARN_UNREACHABLE_CODE = YES;
				CLANG_WARN__DUPLICATE_METHOD_MATCH = YES;
				CODE_SIGN_IDENTITY = "iPhone Developer";
				COPY_PHASE_STRIP = NO;
				DEBUG_INFORMATION_FORMAT = dwarf;
				ENABLE_STRICT_OBJC_MSGSEND = YES;
				ENABLE_TESTABILITY = YES;
				GCC_C_LANGUAGE_STANDARD = gnu11;
				GCC_DYNAMIC_NO_PIC = NO;
				GCC_NO_COMMON_BLOCKS = YES;
				GCC_OPTIMIZATION_LEVEL = 0;
				GCC_PREPROCESSOR_DEFINITIONS = (
					"DEBUG=1",
					"$(inherited)",
				);
				GCC_WARN_64_TO_32_BIT_CONVERSION = YES;
				GCC_WARN_ABOUT_RETURN_TYPE = YES_ERROR;
				GCC_WARN_UNDECLARED_SELECTOR = YES;
				GCC_WARN_UNINITIALIZED_AUTOS = YES_AGGRESSIVE;
				GCC_WARN_UNUSED_FUNCTION = YES;
				GCC_WARN_UNUSED_VARIABLE = YES;
				IPHONEOS_DEPLOYMENT_TARGET = 11.4;
				MTL_ENABLE_DEBUG_INFO = YES;
				ONLY_ACTIVE_ARCH = YES;
				SDKROOT = iphoneos;
				SWIFT_ACTIVE_COMPILATION_CONDITIONS = DEBUG;
				SWIFT_OPTIMIZATION_LEVEL = "-Onone";
			};
			name = Debug;
		};
		6E8C053D21836CAF004CF39D /* Release */ = {
			isa = XCBuildConfiguration;
			buildSettings = {
				ALWAYS_SEARCH_USER_PATHS = NO;
				CLANG_ANALYZER_NONNULL = YES;
				CLANG_ANALYZER_NUMBER_OBJECT_CONVERSION = YES_AGGRESSIVE;
				CLANG_CXX_LANGUAGE_STANDARD = "gnu++14";
				CLANG_CXX_LIBRARY = "libc++";
				CLANG_ENABLE_MODULES = YES;
				CLANG_ENABLE_OBJC_ARC = YES;
				CLANG_ENABLE_OBJC_WEAK = YES;
				CLANG_WARN_BLOCK_CAPTURE_AUTORELEASING = YES;
				CLANG_WARN_BOOL_CONVERSION = YES;
				CLANG_WARN_COMMA = YES;
				CLANG_WARN_CONSTANT_CONVERSION = YES;
				CLANG_WARN_DEPRECATED_OBJC_IMPLEMENTATIONS = YES;
				CLANG_WARN_DIRECT_OBJC_ISA_USAGE = YES_ERROR;
				CLANG_WARN_DOCUMENTATION_COMMENTS = YES;
				CLANG_WARN_EMPTY_BODY = YES;
				CLANG_WARN_ENUM_CONVERSION = YES;
				CLANG_WARN_INFINITE_RECURSION = YES;
				CLANG_WARN_INT_CONVERSION = YES;
				CLANG_WARN_NON_LITERAL_NULL_CONVERSION = YES;
				CLANG_WARN_OBJC_IMPLICIT_RETAIN_SELF = YES;
				CLANG_WARN_OBJC_LITERAL_CONVERSION = YES;
				CLANG_WARN_OBJC_ROOT_CLASS = YES_ERROR;
				CLANG_WARN_RANGE_LOOP_ANALYSIS = YES;
				CLANG_WARN_STRICT_PROTOTYPES = YES;
				CLANG_WARN_SUSPICIOUS_MOVE = YES;
				CLANG_WARN_UNGUARDED_AVAILABILITY = YES_AGGRESSIVE;
				CLANG_WARN_UNREACHABLE_CODE = YES;
				CLANG_WARN__DUPLICATE_METHOD_MATCH = YES;
				CODE_SIGN_IDENTITY = "iPhone Developer";
				COPY_PHASE_STRIP = NO;
				DEBUG_INFORMATION_FORMAT = "dwarf-with-dsym";
				ENABLE_NS_ASSERTIONS = NO;
				ENABLE_STRICT_OBJC_MSGSEND = YES;
				GCC_C_LANGUAGE_STANDARD = gnu11;
				GCC_NO_COMMON_BLOCKS = YES;
				GCC_WARN_64_TO_32_BIT_CONVERSION = YES;
				GCC_WARN_ABOUT_RETURN_TYPE = YES_ERROR;
				GCC_WARN_UNDECLARED_SELECTOR = YES;
				GCC_WARN_UNINITIALIZED_AUTOS = YES_AGGRESSIVE;
				GCC_WARN_UNUSED_FUNCTION = YES;
				GCC_WARN_UNUSED_VARIABLE = YES;
				IPHONEOS_DEPLOYMENT_TARGET = 11.4;
				MTL_ENABLE_DEBUG_INFO = NO;
				SDKROOT = iphoneos;
				SWIFT_COMPILATION_MODE = wholemodule;
				SWIFT_OPTIMIZATION_LEVEL = "-O";
				VALIDATE_PRODUCT = YES;
			};
			name = Release;
		};
		6E8C053F21836CAF004CF39D /* Debug */ = {
			isa = XCBuildConfiguration;
			baseConfigurationReference = 8764DF129B472049C84DC5C1 /* Pods-prospectorProject.debug.xcconfig */;
			buildSettings = {
				ALWAYS_EMBED_SWIFT_STANDARD_LIBRARIES = YES;
				ASSETCATALOG_COMPILER_APPICON_NAME = AppIcon;
				CODE_SIGN_ENTITLEMENTS = prospectorProject/prospectorProject.entitlements;
				CODE_SIGN_STYLE = Automatic;
				DEVELOPMENT_TEAM = BWYT76Q3DS;
				INFOPLIST_FILE = prospectorProject/Info.plist;
				LD_RUNPATH_SEARCH_PATHS = (
					"$(inherited)",
					"@executable_path/Frameworks",
				);
				PRODUCT_BUNDLE_IDENTIFIER = phs.prospectorProject;
				PRODUCT_NAME = "$(TARGET_NAME)";
				SWIFT_VERSION = 4.0;
				TARGETED_DEVICE_FAMILY = "1,2";
			};
			name = Debug;
		};
		6E8C054021836CAF004CF39D /* Release */ = {
			isa = XCBuildConfiguration;
			baseConfigurationReference = 3C9C2B474D729FBAE1498684 /* Pods-prospectorProject.release.xcconfig */;
			buildSettings = {
				ALWAYS_EMBED_SWIFT_STANDARD_LIBRARIES = YES;
				ASSETCATALOG_COMPILER_APPICON_NAME = AppIcon;
				CODE_SIGN_ENTITLEMENTS = prospectorProject/prospectorProject.entitlements;
				CODE_SIGN_STYLE = Automatic;
				DEVELOPMENT_TEAM = BWYT76Q3DS;
				INFOPLIST_FILE = prospectorProject/Info.plist;
				LD_RUNPATH_SEARCH_PATHS = (
					"$(inherited)",
					"@executable_path/Frameworks",
				);
				PRODUCT_BUNDLE_IDENTIFIER = phs.prospectorProject;
				PRODUCT_NAME = "$(TARGET_NAME)";
				SWIFT_VERSION = 4.0;
				TARGETED_DEVICE_FAMILY = "1,2";
			};
			name = Release;
		};
		6ED004A521AEFAE600857E9D /* Debug */ = {
			isa = XCBuildConfiguration;
			baseConfigurationReference = 4439B7BD6EB2A8A5DE2A055A /* Pods-Notificaiton Center.debug.xcconfig */;
			buildSettings = {
				CODE_SIGN_ENTITLEMENTS = "Notificaiton Center/Notificaiton Center.entitlements";
				CODE_SIGN_STYLE = Automatic;
				DEVELOPMENT_TEAM = BWYT76Q3DS;
				INFOPLIST_FILE = "Notificaiton Center/Info.plist";
				IPHONEOS_DEPLOYMENT_TARGET = 12.1;
				LD_RUNPATH_SEARCH_PATHS = (
					"$(inherited)",
					"@executable_path/Frameworks",
					"@executable_path/../../Frameworks",
				);
				MTL_ENABLE_DEBUG_INFO = INCLUDE_SOURCE;
				MTL_FAST_MATH = YES;
				PRODUCT_BUNDLE_IDENTIFIER = "phs.prospectorProject.Notificaiton-Center";
				PRODUCT_NAME = "$(TARGET_NAME)";
				SKIP_INSTALL = YES;
				SWIFT_VERSION = 4.2;
				TARGETED_DEVICE_FAMILY = "1,2";
			};
			name = Debug;
		};
		6ED004A621AEFAE600857E9D /* Release */ = {
			isa = XCBuildConfiguration;
			baseConfigurationReference = F73A0736CD5EF8A2BCB602AE /* Pods-Notificaiton Center.release.xcconfig */;
			buildSettings = {
				CODE_SIGN_ENTITLEMENTS = "Notificaiton Center/Notificaiton Center.entitlements";
				CODE_SIGN_STYLE = Automatic;
				DEVELOPMENT_TEAM = BWYT76Q3DS;
				INFOPLIST_FILE = "Notificaiton Center/Info.plist";
				IPHONEOS_DEPLOYMENT_TARGET = 12.1;
				LD_RUNPATH_SEARCH_PATHS = (
					"$(inherited)",
					"@executable_path/Frameworks",
					"@executable_path/../../Frameworks",
				);
				MTL_FAST_MATH = YES;
				PRODUCT_BUNDLE_IDENTIFIER = "phs.prospectorProject.Notificaiton-Center";
				PRODUCT_NAME = "$(TARGET_NAME)";
				SKIP_INSTALL = YES;
				SWIFT_VERSION = 4.2;
				TARGETED_DEVICE_FAMILY = "1,2";
			};
			name = Release;
		};
/* End XCBuildConfiguration section */

/* Begin XCConfigurationList section */
		6E8C052721836CAD004CF39D /* Build configuration list for PBXProject "prospectorProject" */ = {
			isa = XCConfigurationList;
			buildConfigurations = (
				6E8C053C21836CAF004CF39D /* Debug */,
				6E8C053D21836CAF004CF39D /* Release */,
			);
			defaultConfigurationIsVisible = 0;
			defaultConfigurationName = Release;
		};
		6E8C053E21836CAF004CF39D /* Build configuration list for PBXNativeTarget "prospectorProject" */ = {
			isa = XCConfigurationList;
			buildConfigurations = (
				6E8C053F21836CAF004CF39D /* Debug */,
				6E8C054021836CAF004CF39D /* Release */,
			);
			defaultConfigurationIsVisible = 0;
			defaultConfigurationName = Release;
		};
		6ED004A421AEFAE600857E9D /* Build configuration list for PBXNativeTarget "Notificaiton Center" */ = {
			isa = XCConfigurationList;
			buildConfigurations = (
				6ED004A521AEFAE600857E9D /* Debug */,
				6ED004A621AEFAE600857E9D /* Release */,
			);
			defaultConfigurationIsVisible = 0;
			defaultConfigurationName = Release;
		};
/* End XCConfigurationList section */
	};
	rootObject = 6E8C052421836CAD004CF39D /* Project object */;
}
